// !$*UTF8*$!
{
	archiveVersion = 1;
	classes = {
	};
	objectVersion = 51;
	objects = {

/* Begin PBXBuildFile section */
		0A62903422C37C5000446A3F /* AppDelegate.swift in Sources */ = {isa = PBXBuildFile; fileRef = 0A62903322C37C5000446A3F /* AppDelegate.swift */; };
		0A62903622C37C5000446A3F /* ViewController.swift in Sources */ = {isa = PBXBuildFile; fileRef = 0A62903522C37C5000446A3F /* ViewController.swift */; };
		0A62903922C37C5000446A3F /* Main.storyboard in Resources */ = {isa = PBXBuildFile; fileRef = 0A62903722C37C5000446A3F /* Main.storyboard */; };
		0A62903B22C37C5100446A3F /* Assets.xcassets in Resources */ = {isa = PBXBuildFile; fileRef = 0A62903A22C37C5100446A3F /* Assets.xcassets */; };
		0A62903E22C37C5100446A3F /* LaunchScreen.storyboard in Resources */ = {isa = PBXBuildFile; fileRef = 0A62903C22C37C5100446A3F /* LaunchScreen.storyboard */; };
		0A62904622C37CDA00446A3F /* TabBarViewController.swift in Sources */ = {isa = PBXBuildFile; fileRef = 0A62904522C37CDA00446A3F /* TabBarViewController.swift */; };
		0A62904822C37D7900446A3F /* FactoryViewController.swift in Sources */ = {isa = PBXBuildFile; fileRef = 0A62904722C37D7900446A3F /* FactoryViewController.swift */; };
		0A62904A22C380A600446A3F /* UserInfoViewController.swift in Sources */ = {isa = PBXBuildFile; fileRef = 0A62904922C380A600446A3F /* UserInfoViewController.swift */; };
		0A62904C22C3826A00446A3F /* GoogleService-Info.plist in Resources */ = {isa = PBXBuildFile; fileRef = 0A62904B22C3826A00446A3F /* GoogleService-Info.plist */; };
		0A62905222C39C9600446A3F /* Model.swift in Sources */ = {isa = PBXBuildFile; fileRef = 0A62905122C39C9600446A3F /* Model.swift */; };
		0ACB00C622C6285900A114AA /* CreateUserTVC.swift in Sources */ = {isa = PBXBuildFile; fileRef = 0ACB00C522C6285900A114AA /* CreateUserTVC.swift */; };
		0AE9E02422C9D294001B6781 /* RDTaskListCustomCell.swift in Sources */ = {isa = PBXBuildFile; fileRef = 0AE9E02222C9D294001B6781 /* RDTaskListCustomCell.swift */; };
		0AE9E02B22C9DC29001B6781 /* RDTaskListVC.swift in Sources */ = {isa = PBXBuildFile; fileRef = 0AE9E02A22C9DC29001B6781 /* RDTaskListVC.swift */; };
		8AFC3107C3F67DC41BE2077D /* Pods_Factory.framework in Frameworks */ = {isa = PBXBuildFile; fileRef = 4ED5D695FE5A59AB4EF5CB47 /* Pods_Factory.framework */; };
/* End PBXBuildFile section */

/* Begin PBXFileReference section */
		0A62903022C37C5000446A3F /* Factory.app */ = {isa = PBXFileReference; explicitFileType = wrapper.application; includeInIndex = 0; path = Factory.app; sourceTree = BUILT_PRODUCTS_DIR; };
		0A62903322C37C5000446A3F /* AppDelegate.swift */ = {isa = PBXFileReference; lastKnownFileType = sourcecode.swift; path = AppDelegate.swift; sourceTree = "<group>"; };
		0A62903522C37C5000446A3F /* ViewController.swift */ = {isa = PBXFileReference; lastKnownFileType = sourcecode.swift; path = ViewController.swift; sourceTree = "<group>"; };
		0A62903822C37C5000446A3F /* Base */ = {isa = PBXFileReference; lastKnownFileType = file.storyboard; name = Base; path = Base.lproj/Main.storyboard; sourceTree = "<group>"; };
		0A62903A22C37C5100446A3F /* Assets.xcassets */ = {isa = PBXFileReference; lastKnownFileType = folder.assetcatalog; path = Assets.xcassets; sourceTree = "<group>"; };
		0A62903D22C37C5100446A3F /* Base */ = {isa = PBXFileReference; lastKnownFileType = file.storyboard; name = Base; path = Base.lproj/LaunchScreen.storyboard; sourceTree = "<group>"; };
		0A62903F22C37C5100446A3F /* Info.plist */ = {isa = PBXFileReference; lastKnownFileType = text.plist.xml; path = Info.plist; sourceTree = "<group>"; };
		0A62904522C37CDA00446A3F /* TabBarViewController.swift */ = {isa = PBXFileReference; lastKnownFileType = sourcecode.swift; path = TabBarViewController.swift; sourceTree = "<group>"; };
		0A62904722C37D7900446A3F /* FactoryViewController.swift */ = {isa = PBXFileReference; lastKnownFileType = sourcecode.swift; path = FactoryViewController.swift; sourceTree = "<group>"; };
		0A62904922C380A600446A3F /* UserInfoViewController.swift */ = {isa = PBXFileReference; lastKnownFileType = sourcecode.swift; path = UserInfoViewController.swift; sourceTree = "<group>"; };
		0A62904B22C3826A00446A3F /* GoogleService-Info.plist */ = {isa = PBXFileReference; fileEncoding = 4; lastKnownFileType = text.plist.xml; path = "GoogleService-Info.plist"; sourceTree = "<group>"; };
		0A62905122C39C9600446A3F /* Model.swift */ = {isa = PBXFileReference; lastKnownFileType = sourcecode.swift; path = Model.swift; sourceTree = "<group>"; };
		0ACB00C522C6285900A114AA /* CreateUserTVC.swift */ = {isa = PBXFileReference; lastKnownFileType = sourcecode.swift; path = CreateUserTVC.swift; sourceTree = "<group>"; };
		0AE9E02222C9D294001B6781 /* RDTaskListCustomCell.swift */ = {isa = PBXFileReference; lastKnownFileType = sourcecode.swift; path = RDTaskListCustomCell.swift; sourceTree = "<group>"; };
		0AE9E02A22C9DC29001B6781 /* RDTaskListVC.swift */ = {isa = PBXFileReference; lastKnownFileType = sourcecode.swift; path = RDTaskListVC.swift; sourceTree = "<group>"; };
		4ED5D695FE5A59AB4EF5CB47 /* Pods_Factory.framework */ = {isa = PBXFileReference; explicitFileType = wrapper.framework; includeInIndex = 0; path = Pods_Factory.framework; sourceTree = BUILT_PRODUCTS_DIR; };
		6CEAEDDB9DE8946A36F4AAD6 /* Pods-Factory.debug.xcconfig */ = {isa = PBXFileReference; includeInIndex = 1; lastKnownFileType = text.xcconfig; name = "Pods-Factory.debug.xcconfig"; path = "Target Support Files/Pods-Factory/Pods-Factory.debug.xcconfig"; sourceTree = "<group>"; };
		9D95CAC6A6F8B39929D96068 /* Pods-Factory.release.xcconfig */ = {isa = PBXFileReference; includeInIndex = 1; lastKnownFileType = text.xcconfig; name = "Pods-Factory.release.xcconfig"; path = "Target Support Files/Pods-Factory/Pods-Factory.release.xcconfig"; sourceTree = "<group>"; };
/* End PBXFileReference section */

/* Begin PBXFrameworksBuildPhase section */
		0A62902D22C37C5000446A3F /* Frameworks */ = {
			isa = PBXFrameworksBuildPhase;
			buildActionMask = 2147483647;
			files = (
				8AFC3107C3F67DC41BE2077D /* Pods_Factory.framework in Frameworks */,
			);
			runOnlyForDeploymentPostprocessing = 0;
		};
/* End PBXFrameworksBuildPhase section */

/* Begin PBXGroup section */
		0A62902722C37C5000446A3F = {
			isa = PBXGroup;
			children = (
				0A62903222C37C5000446A3F /* Factory */,
				0A62903122C37C5000446A3F /* Products */,
				ACD8B4341E8E8E79F2EA6D26 /* Pods */,
				6ABBC8410566CBD8D86C5666 /* Frameworks */,
			);
			sourceTree = "<group>";
		};
		0A62903122C37C5000446A3F /* Products */ = {
			isa = PBXGroup;
			children = (
				0A62903022C37C5000446A3F /* Factory.app */,
			);
			name = Products;
			sourceTree = "<group>";
		};
		0A62903222C37C5000446A3F /* Factory */ = {
			isa = PBXGroup;
			children = (
				0A62903322C37C5000446A3F /* AppDelegate.swift */,
				0A62905322C39C9900446A3F /* Model */,
				0A62904E22C38BC800446A3F /* View */,
				0A62904D22C38BBB00446A3F /* Controller */,
				0A62903F22C37C5100446A3F /* Info.plist */,
				0A62904B22C3826A00446A3F /* GoogleService-Info.plist */,
				0A62905022C38BE900446A3F /* Supporting */,
				0A62903A22C37C5100446A3F /* Assets.xcassets */,
			);
			path = Factory;
			sourceTree = "<group>";
		};
		0A62904D22C38BBB00446A3F /* Controller */ = {
			isa = PBXGroup;
			children = (
				0A62903522C37C5000446A3F /* ViewController.swift */,
				0A62904722C37D7900446A3F /* FactoryViewController.swift */,
				0AE9E02A22C9DC29001B6781 /* RDTaskListVC.swift */,
				0A62904522C37CDA00446A3F /* TabBarViewController.swift */,
				0A62904922C380A600446A3F /* UserInfoViewController.swift */,
				0ACB00C522C6285900A114AA /* CreateUserTVC.swift */,
			);
			path = Controller;
			sourceTree = "<group>";
		};
		0A62904E22C38BC800446A3F /* View */ = {
			isa = PBXGroup;
			children = (
				0A62903722C37C5000446A3F /* Main.storyboard */,
				0A62903C22C37C5100446A3F /* LaunchScreen.storyboard */,
				0AE9E02222C9D294001B6781 /* RDTaskListCustomCell.swift */,
			);
			path = View;
			sourceTree = "<group>";
		};
		0A62905022C38BE900446A3F /* Supporting */ = {
			isa = PBXGroup;
			children = (
			);
			path = Supporting;
			sourceTree = "<group>";
		};
		0A62905322C39C9900446A3F /* Model */ = {
			isa = PBXGroup;
			children = (
				0A62905122C39C9600446A3F /* Model.swift */,
			);
			path = Model;
			sourceTree = "<group>";
		};
		6ABBC8410566CBD8D86C5666 /* Frameworks */ = {
			isa = PBXGroup;
			children = (
				4ED5D695FE5A59AB4EF5CB47 /* Pods_Factory.framework */,
			);
			name = Frameworks;
			sourceTree = "<group>";
		};
		ACD8B4341E8E8E79F2EA6D26 /* Pods */ = {
			isa = PBXGroup;
			children = (
				6CEAEDDB9DE8946A36F4AAD6 /* Pods-Factory.debug.xcconfig */,
				9D95CAC6A6F8B39929D96068 /* Pods-Factory.release.xcconfig */,
			);
			path = Pods;
			sourceTree = "<group>";
		};
/* End PBXGroup section */

/* Begin PBXNativeTarget section */
		0A62902F22C37C5000446A3F /* Factory */ = {
			isa = PBXNativeTarget;
			buildConfigurationList = 0A62904222C37C5100446A3F /* Build configuration list for PBXNativeTarget "Factory" */;
			buildPhases = (
				DCDFF3273A954D75923B6E12 /* [CP] Check Pods Manifest.lock */,
				0A62902C22C37C5000446A3F /* Sources */,
				0A62902D22C37C5000446A3F /* Frameworks */,
				0A62902E22C37C5000446A3F /* Resources */,
				FDF46498D00552C87C649A79 /* [CP] Embed Pods Frameworks */,
			);
			buildRules = (
			);
			dependencies = (
			);
			name = Factory;
			productName = Factory;
			productReference = 0A62903022C37C5000446A3F /* Factory.app */;
			productType = "com.apple.product-type.application";
		};
/* End PBXNativeTarget section */

/* Begin PBXProject section */
		0A62902822C37C5000446A3F /* Project object */ = {
			isa = PBXProject;
			attributes = {
				LastSwiftUpdateCheck = 1020;
				LastUpgradeCheck = 1020;
				ORGANIZATIONNAME = HsinWen;
				TargetAttributes = {
					0A62902F22C37C5000446A3F = {
						CreatedOnToolsVersion = 10.2.1;
					};
				};
			};
			buildConfigurationList = 0A62902B22C37C5000446A3F /* Build configuration list for PBXProject "Factory" */;
			compatibilityVersion = "Xcode 9.3";
			developmentRegion = en;
			hasScannedForEncodings = 0;
			knownRegions = (
				en,
				Base,
			);
			mainGroup = 0A62902722C37C5000446A3F;
			productRefGroup = 0A62903122C37C5000446A3F /* Products */;
			projectDirPath = "";
			projectRoot = "";
			targets = (
				0A62902F22C37C5000446A3F /* Factory */,
			);
		};
/* End PBXProject section */

/* Begin PBXResourcesBuildPhase section */
		0A62902E22C37C5000446A3F /* Resources */ = {
			isa = PBXResourcesBuildPhase;
			buildActionMask = 2147483647;
			files = (
				0A62903E22C37C5100446A3F /* LaunchScreen.storyboard in Resources */,
				0A62904C22C3826A00446A3F /* GoogleService-Info.plist in Resources */,
				0A62903B22C37C5100446A3F /* Assets.xcassets in Resources */,
				0A62903922C37C5000446A3F /* Main.storyboard in Resources */,
			);
			runOnlyForDeploymentPostprocessing = 0;
		};
/* End PBXResourcesBuildPhase section */

/* Begin PBXShellScriptBuildPhase section */
		DCDFF3273A954D75923B6E12 /* [CP] Check Pods Manifest.lock */ = {
			isa = PBXShellScriptBuildPhase;
			buildActionMask = 2147483647;
			files = (
			);
			inputFileListPaths = (
			);
			inputPaths = (
				"${PODS_PODFILE_DIR_PATH}/Podfile.lock",
				"${PODS_ROOT}/Manifest.lock",
			);
			name = "[CP] Check Pods Manifest.lock";
			outputFileListPaths = (
			);
			outputPaths = (
				"$(DERIVED_FILE_DIR)/Pods-Factory-checkManifestLockResult.txt",
			);
			runOnlyForDeploymentPostprocessing = 0;
			shellPath = /bin/sh;
			shellScript = "diff \"${PODS_PODFILE_DIR_PATH}/Podfile.lock\" \"${PODS_ROOT}/Manifest.lock\" > /dev/null\nif [ $? != 0 ] ; then\n    # print error to STDERR\n    echo \"error: The sandbox is not in sync with the Podfile.lock. Run 'pod install' or update your CocoaPods installation.\" >&2\n    exit 1\nfi\n# This output is used by Xcode 'outputs' to avoid re-running this script phase.\necho \"SUCCESS\" > \"${SCRIPT_OUTPUT_FILE_0}\"\n";
			showEnvVarsInLog = 0;
		};
		FDF46498D00552C87C649A79 /* [CP] Embed Pods Frameworks */ = {
			isa = PBXShellScriptBuildPhase;
			buildActionMask = 2147483647;
			files = (
			);
			inputFileListPaths = (
				"${PODS_ROOT}/Target Support Files/Pods-Factory/Pods-Factory-frameworks-${CONFIGURATION}-input-files.xcfilelist",
			);
			name = "[CP] Embed Pods Frameworks";
			outputFileListPaths = (
				"${PODS_ROOT}/Target Support Files/Pods-Factory/Pods-Factory-frameworks-${CONFIGURATION}-output-files.xcfilelist",
			);
			runOnlyForDeploymentPostprocessing = 0;
			shellPath = /bin/sh;
			shellScript = "\"${PODS_ROOT}/Target Support Files/Pods-Factory/Pods-Factory-frameworks.sh\"\n";
			showEnvVarsInLog = 0;
		};
/* End PBXShellScriptBuildPhase section */

/* Begin PBXSourcesBuildPhase section */
		0A62902C22C37C5000446A3F /* Sources */ = {
			isa = PBXSourcesBuildPhase;
			buildActionMask = 2147483647;
			files = (
				0A62903622C37C5000446A3F /* ViewController.swift in Sources */,
				0AE9E02B22C9DC29001B6781 /* RDTaskListVC.swift in Sources */,
				0A62904822C37D7900446A3F /* FactoryViewController.swift in Sources */,
				0A62904A22C380A600446A3F /* UserInfoViewController.swift in Sources */,
				0A62905222C39C9600446A3F /* Model.swift in Sources */,
				0ACB00C622C6285900A114AA /* CreateUserTVC.swift in Sources */,
				0AE9E02422C9D294001B6781 /* RDTaskListCustomCell.swift in Sources */,
				0A62904622C37CDA00446A3F /* TabBarViewController.swift in Sources */,
				0A62903422C37C5000446A3F /* AppDelegate.swift in Sources */,
			);
			runOnlyForDeploymentPostprocessing = 0;
		};
/* End PBXSourcesBuildPhase section */

/* Begin PBXVariantGroup section */
		0A62903722C37C5000446A3F /* Main.storyboard */ = {
			isa = PBXVariantGroup;
			children = (
				0A62903822C37C5000446A3F /* Base */,
			);
			name = Main.storyboard;
			sourceTree = "<group>";
		};
		0A62903C22C37C5100446A3F /* LaunchScreen.storyboard */ = {
			isa = PBXVariantGroup;
			children = (
				0A62903D22C37C5100446A3F /* Base */,
			);
			name = LaunchScreen.storyboard;
			sourceTree = "<group>";
		};
/* End PBXVariantGroup section */

/* Begin XCBuildConfiguration section */
		0A62904022C37C5100446A3F /* Debug */ = {
			isa = XCBuildConfiguration;
			buildSettings = {
				ALWAYS_SEARCH_USER_PATHS = NO;
				CLANG_ANALYZER_NONNULL = YES;
				CLANG_ANALYZER_NUMBER_OBJECT_CONVERSION = YES_AGGRESSIVE;
				CLANG_CXX_LANGUAGE_STANDARD = "gnu++14";
				CLANG_CXX_LIBRARY = "libc++";
				CLANG_ENABLE_MODULES = YES;
				CLANG_ENABLE_OBJC_ARC = YES;
				CLANG_ENABLE_OBJC_WEAK = YES;
				CLANG_WARN_BLOCK_CAPTURE_AUTORELEASING = YES;
				CLANG_WARN_BOOL_CONVERSION = YES;
				CLANG_WARN_COMMA = YES;
				CLANG_WARN_CONSTANT_CONVERSION = YES;
				CLANG_WARN_DEPRECATED_OBJC_IMPLEMENTATIONS = YES;
				CLANG_WARN_DIRECT_OBJC_ISA_USAGE = YES_ERROR;
				CLANG_WARN_DOCUMENTATION_COMMENTS = YES;
				CLANG_WARN_EMPTY_BODY = YES;
				CLANG_WARN_ENUM_CONVERSION = YES;
				CLANG_WARN_INFINITE_RECURSION = YES;
				CLANG_WARN_INT_CONVERSION = YES;
				CLANG_WARN_NON_LITERAL_NULL_CONVERSION = YES;
				CLANG_WARN_OBJC_IMPLICIT_RETAIN_SELF = YES;
				CLANG_WARN_OBJC_LITERAL_CONVERSION = YES;
				CLANG_WARN_OBJC_ROOT_CLASS = YES_ERROR;
				CLANG_WARN_RANGE_LOOP_ANALYSIS = YES;
				CLANG_WARN_STRICT_PROTOTYPES = YES;
				CLANG_WARN_SUSPICIOUS_MOVE = YES;
				CLANG_WARN_UNGUARDED_AVAILABILITY = YES_AGGRESSIVE;
				CLANG_WARN_UNREACHABLE_CODE = YES;
				CLANG_WARN__DUPLICATE_METHOD_MATCH = YES;
				CODE_SIGN_IDENTITY = "iPhone Developer";
				COPY_PHASE_STRIP = NO;
				DEBUG_INFORMATION_FORMAT = dwarf;
				ENABLE_STRICT_OBJC_MSGSEND = YES;
				ENABLE_TESTABILITY = YES;
				GCC_C_LANGUAGE_STANDARD = gnu11;
				GCC_DYNAMIC_NO_PIC = NO;
				GCC_NO_COMMON_BLOCKS = YES;
				GCC_OPTIMIZATION_LEVEL = 0;
				GCC_PREPROCESSOR_DEFINITIONS = (
					"DEBUG=1",
					"$(inherited)",
				);
				GCC_WARN_64_TO_32_BIT_CONVERSION = YES;
				GCC_WARN_ABOUT_RETURN_TYPE = YES_ERROR;
				GCC_WARN_UNDECLARED_SELECTOR = YES;
				GCC_WARN_UNINITIALIZED_AUTOS = YES_AGGRESSIVE;
				GCC_WARN_UNUSED_FUNCTION = YES;
				GCC_WARN_UNUSED_VARIABLE = YES;
				IPHONEOS_DEPLOYMENT_TARGET = 12.2;
				MTL_ENABLE_DEBUG_INFO = INCLUDE_SOURCE;
				MTL_FAST_MATH = YES;
				ONLY_ACTIVE_ARCH = YES;
				SDKROOT = iphoneos;
				SWIFT_ACTIVE_COMPILATION_CONDITIONS = DEBUG;
				SWIFT_OPTIMIZATION_LEVEL = "-Onone";
			};
			name = Debug;
		};
		0A62904122C37C5100446A3F /* Release */ = {
			isa = XCBuildConfiguration;
			buildSettings = {
				ALWAYS_SEARCH_USER_PATHS = NO;
				CLANG_ANALYZER_NONNULL = YES;
				CLANG_ANALYZER_NUMBER_OBJECT_CONVERSION = YES_AGGRESSIVE;
				CLANG_CXX_LANGUAGE_STANDARD = "gnu++14";
				CLANG_CXX_LIBRARY = "libc++";
				CLANG_ENABLE_MODULES = YES;
				CLANG_ENABLE_OBJC_ARC = YES;
				CLANG_ENABLE_OBJC_WEAK = YES;
				CLANG_WARN_BLOCK_CAPTURE_AUTORELEASING = YES;
				CLANG_WARN_BOOL_CONVERSION = YES;
				CLANG_WARN_COMMA = YES;
				CLANG_WARN_CONSTANT_CONVERSION = YES;
				CLANG_WARN_DEPRECATED_OBJC_IMPLEMENTATIONS = YES;
				CLANG_WARN_DIRECT_OBJC_ISA_USAGE = YES_ERROR;
				CLANG_WARN_DOCUMENTATION_COMMENTS = YES;
				CLANG_WARN_EMPTY_BODY = YES;
				CLANG_WARN_ENUM_CONVERSION = YES;
				CLANG_WARN_INFINITE_RECURSION = YES;
				CLANG_WARN_INT_CONVERSION = YES;
				CLANG_WARN_NON_LITERAL_NULL_CONVERSION = YES;
				CLANG_WARN_OBJC_IMPLICIT_RETAIN_SELF = YES;
				CLANG_WARN_OBJC_LITERAL_CONVERSION = YES;
				CLANG_WARN_OBJC_ROOT_CLASS = YES_ERROR;
				CLANG_WARN_RANGE_LOOP_ANALYSIS = YES;
				CLANG_WARN_STRICT_PROTOTYPES = YES;
				CLANG_WARN_SUSPICIOUS_MOVE = YES;
				CLANG_WARN_UNGUARDED_AVAILABILITY = YES_AGGRESSIVE;
				CLANG_WARN_UNREACHABLE_CODE = YES;
				CLANG_WARN__DUPLICATE_METHOD_MATCH = YES;
				CODE_SIGN_IDENTITY = "iPhone Developer";
				COPY_PHASE_STRIP = NO;
				DEBUG_INFORMATION_FORMAT = "dwarf-with-dsym";
				ENABLE_NS_ASSERTIONS = NO;
				ENABLE_STRICT_OBJC_MSGSEND = YES;
				GCC_C_LANGUAGE_STANDARD = gnu11;
				GCC_NO_COMMON_BLOCKS = YES;
				GCC_WARN_64_TO_32_BIT_CONVERSION = YES;
				GCC_WARN_ABOUT_RETURN_TYPE = YES_ERROR;
				GCC_WARN_UNDECLARED_SELECTOR = YES;
				GCC_WARN_UNINITIALIZED_AUTOS = YES_AGGRESSIVE;
				GCC_WARN_UNUSED_FUNCTION = YES;
				GCC_WARN_UNUSED_VARIABLE = YES;
				IPHONEOS_DEPLOYMENT_TARGET = 12.2;
				MTL_ENABLE_DEBUG_INFO = NO;
				MTL_FAST_MATH = YES;
				SDKROOT = iphoneos;
				SWIFT_COMPILATION_MODE = wholemodule;
				SWIFT_OPTIMIZATION_LEVEL = "-O";
				VALIDATE_PRODUCT = YES;
			};
			name = Release;
		};
		0A62904322C37C5100446A3F /* Debug */ = {
			isa = XCBuildConfiguration;
			baseConfigurationReference = 6CEAEDDB9DE8946A36F4AAD6 /* Pods-Factory.debug.xcconfig */;
			buildSettings = {
				ASSETCATALOG_COMPILER_APPICON_NAME = AppIcon;
				CODE_SIGN_STYLE = Automatic;
				DEVELOPMENT_TEAM = L53XGN22A5;
				INFOPLIST_FILE = Factory/Info.plist;
				LD_RUNPATH_SEARCH_PATHS = (
					"$(inherited)",
					"@executable_path/Frameworks",
				);
				PRODUCT_BUNDLE_IDENTIFIER = com.HsinWen.Factory;
				PRODUCT_NAME = "$(TARGET_NAME)";
				SWIFT_VERSION = 5.0;
				TARGETED_DEVICE_FAMILY = "1,2";
			};
			name = Debug;
		};
		0A62904422C37C5100446A3F /* Release */ = {
			isa = XCBuildConfiguration;
			baseConfigurationReference = 9D95CAC6A6F8B39929D96068 /* Pods-Factory.release.xcconfig */;
			buildSettings = {
				ASSETCATALOG_COMPILER_APPICON_NAME = AppIcon;
				CODE_SIGN_STYLE = Automatic;
				DEVELOPMENT_TEAM = L53XGN22A5;
				INFOPLIST_FILE = Factory/Info.plist;
				LD_RUNPATH_SEARCH_PATHS = (
					"$(inherited)",
					"@executable_path/Frameworks",
				);
				PRODUCT_BUNDLE_IDENTIFIER = com.HsinWen.Factory;
				PRODUCT_NAME = "$(TARGET_NAME)";
				SWIFT_VERSION = 5.0;
				TARGETED_DEVICE_FAMILY = "1,2";
			};
			name = Release;
		};
/* End XCBuildConfiguration section */

/* Begin XCConfigurationList section */
		0A62902B22C37C5000446A3F /* Build configuration list for PBXProject "Factory" */ = {
			isa = XCConfigurationList;
			buildConfigurations = (
				0A62904022C37C5100446A3F /* Debug */,
				0A62904122C37C5100446A3F /* Release */,
			);
			defaultConfigurationIsVisible = 0;
			defaultConfigurationName = Release;
		};
		0A62904222C37C5100446A3F /* Build configuration list for PBXNativeTarget "Factory" */ = {
			isa = XCConfigurationList;
			buildConfigurations = (
				0A62904322C37C5100446A3F /* Debug */,
				0A62904422C37C5100446A3F /* Release */,
			);
			defaultConfigurationIsVisible = 0;
			defaultConfigurationName = Release;
		};
/* End XCConfigurationList section */
	};
	rootObject = 0A62902822C37C5000446A3F /* Project object */;
}
